
Microsoft Visual Studio Solution File, Format Version 10.00
# Visual Studio 2008
Project("{FAE04EC0-301F-11D3-BF4B-00C04F79EFBC}") = "WPFClient", "WPFClient\WPFClient.csproj", "{C416FAF7-101B-4F59-AA73-28624C29A39D}"
EndProject
Global
	GlobalSection(SolutionConfigurationPlatforms) = preSolution
		Debug|Any CPU = Debug|Any CPU
		Release|Any CPU = Release|Any CPU
	EndGlobalSection
	GlobalSection(ProjectConfigurationPlatforms) = postSolution
		{C416FAF7-101B-4F59-AA73-28624C29A39D}.Debug|Any CPU.ActiveCfg = Debug|Any CPU
		{C416FAF7-101B-4F59-AA73-28624C29A39D}.Debug|Any CPU.Build.0 = Debug|Any CPU
		{C416FAF7-101B-4F59-AA73-28624C29A39D}.Release|Any CPU.ActiveCfg = Release|Any CPU
		{C416FAF7-101B-4F59-AA73-28624C29A39D}.Release|Any CPU.Build.0 = Release|Any CPU
	EndGlobalSection
	GlobalSection(SolutionProperties) = preSolution
		HideSolutionNode = FALSE
	EndGlobalSection
EndGlobal
