
Microsoft Visual Studio Solution File, Format Version 10.00
# Visual Studio 2008
Project("{FAE04EC0-301F-11D3-BF4B-00C04F79EFBC}") = "WPFClient", "WPFClient\WPFClient.csproj", "{C416FAF7-101B-4F59-AA73-28624C29A39D}"
EndProject
Project("{FAE04EC0-301F-11D3-BF4B-00C04F79EFBC}") = "CoreLogic", "CoreLogic\CoreLogic.csproj", "{4F6658BA-A689-4C7D-9C04-7E8C7BC36C12}"
EndProject
Project("{FAE04EC0-301F-11D3-BF4B-00C04F79EFBC}") = "Tests", "Tests\Tests.csproj", "{C5378B5F-865F-4A66-9B2C-0F94F63C5058}"
EndProject
Project("{2150E333-8FDC-42A3-9474-1A3956D46DE8}") = "Solution Items", "Solution Items", "{52BCF21D-1463-4382-AF1D-EBD3BBCDFEA6}"
	ProjectSection(SolutionItems) = preProject
		LocalTestRun.testrunconfig = LocalTestRun.testrunconfig
		TDDForBeginners.vsmdi = TDDForBeginners.vsmdi
	EndProjectSection
EndProject
Global
	GlobalSection(TestCaseManagementSettings) = postSolution
		CategoryFile = TDDForBeginners.vsmdi
	EndGlobalSection
	GlobalSection(SolutionConfigurationPlatforms) = preSolution
		Debug|Any CPU = Debug|Any CPU
		Release|Any CPU = Release|Any CPU
	EndGlobalSection
	GlobalSection(ProjectConfigurationPlatforms) = postSolution
		{C416FAF7-101B-4F59-AA73-28624C29A39D}.Debug|Any CPU.ActiveCfg = Debug|Any CPU
		{C416FAF7-101B-4F59-AA73-28624C29A39D}.Debug|Any CPU.Build.0 = Debug|Any CPU
		{C416FAF7-101B-4F59-AA73-28624C29A39D}.Release|Any CPU.ActiveCfg = Release|Any CPU
		{C416FAF7-101B-4F59-AA73-28624C29A39D}.Release|Any CPU.Build.0 = Release|Any CPU
		{4F6658BA-A689-4C7D-9C04-7E8C7BC36C12}.Debug|Any CPU.ActiveCfg = Debug|Any CPU
		{4F6658BA-A689-4C7D-9C04-7E8C7BC36C12}.Debug|Any CPU.Build.0 = Debug|Any CPU
		{4F6658BA-A689-4C7D-9C04-7E8C7BC36C12}.Release|Any CPU.ActiveCfg = Release|Any CPU
		{4F6658BA-A689-4C7D-9C04-7E8C7BC36C12}.Release|Any CPU.Build.0 = Release|Any CPU
		{C5378B5F-865F-4A66-9B2C-0F94F63C5058}.Debug|Any CPU.ActiveCfg = Debug|Any CPU
		{C5378B5F-865F-4A66-9B2C-0F94F63C5058}.Debug|Any CPU.Build.0 = Debug|Any CPU
		{C5378B5F-865F-4A66-9B2C-0F94F63C5058}.Release|Any CPU.ActiveCfg = Release|Any CPU
		{C5378B5F-865F-4A66-9B2C-0F94F63C5058}.Release|Any CPU.Build.0 = Release|Any CPU
	EndGlobalSection
	GlobalSection(SolutionProperties) = preSolution
		HideSolutionNode = FALSE
	EndGlobalSection
EndGlobal
